{
  "version": 4,
  "terraform_version": "1.2.8",
  "serial": 58,
  "lineage": "213f270f-5584-cdd8-5b9f-92d96795e3ea",
  "outputs": {},
  "resources": [
    {
      "module": "module.resource_group",
      "mode": "managed",
      "type": "alicloud_resource_manager_resource_group",
      "name": "resource_group",
      "provider": "provider[\"registry.terraform.io/hashicorp/alicloud\"]",
      "instances": [
        {
          "schema_version": 0,
          "attributes": {
            "account_id": "1339688626260416",
            "create_date": null,
            "display_name": "Business resource group for demo.",
            "id": "rg-aekzgzw7v7hwzuq",
            "name": "rg-app-bus-001",
            "region_statuses": [
              {
                "region_id": "ap-northeast-1",
                "status": "OK"
              },
              {
                "region_id": "ap-northeast-2",
                "status": "OK"
              },
              {
                "region_id": "ap-singapore-cloudstone",
                "status": "OK"
              },
              {
                "region_id": "ap-south-1",
                "status": "OK"
              },
              {
                "region_id": "ap-southeast-1",
                "status": "OK"
              },
              {
                "region_id": "ap-southeast-2",
                "status": "OK"
              },
              {
                "region_id": "ap-southeast-3",
                "status": "OK"
              },
              {
                "region_id": "ap-southeast-5",
                "status": "OK"
              },
              {
                "region_id": "ap-southeast-6",
                "status": "OK"
              },
              {
                "region_id": "ap-southeast-7",
                "status": "OK"
              },
              {
                "region_id": "cn-beijing",
                "status": "OK"
              },
              {
                "region_id": "cn-chengdu",
                "status": "OK"
              },
              {
                "region_id": "cn-guangzhou",
                "status": "OK"
              },
              {
                "region_id": "cn-hangzhou",
                "status": "OK"
              },
              {
                "region_id": "cn-hangzhou-cloudstone",
                "status": "OK"
              },
              {
                "region_id": "cn-hangzhou-test-306",
                "status": "OK"
              },
              {
                "region_id": "cn-heyuan",
                "status": "OK"
              },
              {
                "region_id": "cn-hongkong",
                "status": "OK"
              },
              {
                "region_id": "cn-huhehaote",
                "status": "OK"
              },
              {
                "region_id": "cn-north-2-gov-1",
                "status": "OK"
              },
              {
                "region_id": "cn-qingdao",
                "status": "OK"
              },
              {
                "region_id": "cn-shanghai",
                "status": "OK"
              },
              {
                "region_id": "cn-shanghai-finance-1",
                "status": "OK"
              },
              {
                "region_id": "cn-shenzhen",
                "status": "OK"
              },
              {
                "region_id": "cn-shenzhen-finance-1",
                "status": "OK"
              },
              {
                "region_id": "cn-wulanchabu",
                "status": "OK"
              },
              {
                "region_id": "cn-zhangjiakou",
                "status": "OK"
              },
              {
                "region_id": "eu-central-1",
                "status": "OK"
              },
              {
                "region_id": "eu-west-1",
                "status": "OK"
              },
              {
                "region_id": "me-east-1",
                "status": "OK"
              },
              {
                "region_id": "rus-west-1",
                "status": "OK"
              },
              {
                "region_id": "us-east-1",
                "status": "OK"
              },
              {
                "region_id": "us-west-1",
                "status": "OK"
              }
            ],
            "resource_group_name": "rg-app-bus-001",
            "status": "OK",
            "timeouts": null
          },
          "sensitive_attributes": [],
          "private": "eyJlMmJmYjczMC1lY2FhLTExZTYtOGY4OC0zNDM2M2JjN2M0YzAiOnsiY3JlYXRlIjo2NjAwMDAwMDAwMDB9fQ=="
        }
      ]
    }
  ]
}
