{
  "version": 4,
  "terraform_version": "1.2.8",
  "serial": 30,
  "lineage": "dd8dd32d-27c0-2795-0093-1e99d4d9e279",
  "outputs": {},
  "resources": [
    {
      "module": "module.resource_group",
      "mode": "managed",
      "type": "alicloud_resource_manager_resource_group",
      "name": "resource_group",
      "provider": "provider[\"registry.terraform.io/hashicorp/alicloud\"]",
      "instances": [
        {
          "schema_version": 0,
          "attributes": {
            "account_id": "1339688626260416",
            "create_date": null,
            "display_name": "Network resource group for demo.",
            "id": "rg-aekzm3veyi6yw3a",
            "name": "rg-network-dmz-001",
            "region_statuses": [
              {
                "region_id": "ap-northeast-1",
                "status": "OK"
              },
              {
                "region_id": "ap-northeast-2",
                "status": "OK"
              },
              {
                "region_id": "ap-singapore-cloudstone",
                "status": "OK"
              },
              {
                "region_id": "ap-south-1",
                "status": "OK"
              },
              {
                "region_id": "ap-southeast-1",
                "status": "OK"
              },
              {
                "region_id": "ap-southeast-2",
                "status": "OK"
              },
              {
                "region_id": "ap-southeast-3",
                "status": "OK"
              },
              {
                "region_id": "ap-southeast-5",
                "status": "OK"
              },
              {
                "region_id": "ap-southeast-6",
                "status": "OK"
              },
              {
                "region_id": "ap-southeast-7",
                "status": "OK"
              },
              {
                "region_id": "cn-beijing",
                "status": "OK"
              },
              {
                "region_id": "cn-chengdu",
                "status": "OK"
              },
              {
                "region_id": "cn-guangzhou",
                "status": "OK"
              },
              {
                "region_id": "cn-hangzhou",
                "status": "OK"
              },
              {
                "region_id": "cn-hangzhou-cloudstone",
                "status": "OK"
              },
              {
                "region_id": "cn-hangzhou-test-306",
                "status": "OK"
              },
              {
                "region_id": "cn-heyuan",
                "status": "OK"
              },
              {
                "region_id": "cn-hongkong",
                "status": "OK"
              },
              {
                "region_id": "cn-huhehaote",
                "status": "OK"
              },
              {
                "region_id": "cn-north-2-gov-1",
                "status": "OK"
              },
              {
                "region_id": "cn-qingdao",
                "status": "OK"
              },
              {
                "region_id": "cn-shanghai",
                "status": "OK"
              },
              {
                "region_id": "cn-shanghai-finance-1",
                "status": "OK"
              },
              {
                "region_id": "cn-shenzhen",
                "status": "OK"
              },
              {
                "region_id": "cn-shenzhen-finance-1",
                "status": "OK"
              },
              {
                "region_id": "cn-wulanchabu",
                "status": "OK"
              },
              {
                "region_id": "cn-zhangjiakou",
                "status": "OK"
              },
              {
                "region_id": "eu-central-1",
                "status": "OK"
              },
              {
                "region_id": "eu-west-1",
                "status": "OK"
              },
              {
                "region_id": "me-east-1",
                "status": "OK"
              },
              {
                "region_id": "rus-west-1",
                "status": "OK"
              },
              {
                "region_id": "us-east-1",
                "status": "OK"
              },
              {
                "region_id": "us-west-1",
                "status": "OK"
              }
            ],
            "resource_group_name": "rg-network-dmz-001",
            "status": "OK",
            "timeouts": null
          },
          "sensitive_attributes": [],
          "private": "eyJlMmJmYjczMC1lY2FhLTExZTYtOGY4OC0zNDM2M2JjN2M0YzAiOnsiY3JlYXRlIjo2NjAwMDAwMDAwMDB9fQ=="
        }
      ]
    },
    {
      "module": "module.security_group",
      "mode": "data",
      "type": "alicloud_resource_manager_resource_groups",
      "name": "resource_group",
      "provider": "provider[\"registry.terraform.io/hashicorp/alicloud\"]",
      "instances": [
        {
          "schema_version": 0,
          "attributes": {
            "enable_details": false,
            "groups": [
              {
                "account_id": "1339688626260416",
                "display_name": "Network resource group for demo.",
                "id": "rg-aekzm3veyi6yw3a",
                "name": "rg-network-dmz-001",
                "region_statuses": [],
                "resource_group_name": "rg-network-dmz-001",
                "status": "OK"
              }
            ],
            "id": "3249415519",
            "ids": [
              "rg-aekzm3veyi6yw3a"
            ],
            "name_regex": "rg-network-dmz-001",
            "names": [
              "rg-network-dmz-001"
            ],
            "output_file": null,
            "status": "OK"
          },
          "sensitive_attributes": []
        }
      ]
    },
    {
      "module": "module.security_group",
      "mode": "data",
      "type": "alicloud_vpcs",
      "name": "vpcs",
      "provider": "provider[\"registry.terraform.io/hashicorp/alicloud\"]",
      "instances": [
        {
          "index_key": "vpc-app-cn-shanghai-001",
          "schema_version": 0,
          "attributes": {
            "cidr_block": "10.20.0.0/16",
            "dhcp_options_set_id": null,
            "dry_run": null,
            "enable_details": true,
            "id": "1829249080",
            "ids": [
              "vpc-uf6vwwz8i3dapsyr894ju"
            ],
            "is_default": null,
            "name_regex": "vpc-app-cn-shanghai-001",
            "names": [
              "vpc-app-cn-shanghai-001"
            ],
            "output_file": null,
            "page_number": null,
            "page_size": 50,
            "resource_group_id": null,
            "status": "Available",
            "tags": null,
            "total_count": 3,
            "vpc_name": null,
            "vpc_owner_id": null,
            "vpcs": [
              {
                "cidr_block": "10.20.0.0/16",
                "creation_time": "2022-09-23T08:39:45Z",
                "description": "descriptions",
                "id": "vpc-uf6vwwz8i3dapsyr894ju",
                "ipv6_cidr_block": "",
                "is_default": false,
                "region_id": "cn-shanghai",
                "resource_group_id": "rg-aekzm3veyi6yw3a",
                "route_table_id": "vtb-uf6rumvxhae5zv8yhh6bw",
                "router_id": "vrt-uf6jtvewcuww2vggl2g5n",
                "secondary_cidr_blocks": [
                  "10.21.0.0/16",
                  "10.22.0.0/16"
                ],
                "status": "Available",
                "tags": {
                  "customer": "demo",
                  "department": "DevOps",
                  "email": "somebody@mail.com",
                  "environment": "dmz",
                  "location": "cn-shanghai",
                  "owner": "somebody",
                  "title": "Engineer"
                },
                "user_cidrs": [],
                "vpc_id": "vpc-uf6vwwz8i3dapsyr894ju",
                "vpc_name": "vpc-app-cn-shanghai-001",
                "vrouter_id": "vrt-uf6jtvewcuww2vggl2g5n",
                "vswitch_ids": []
              }
            ],
            "vswitch_id": null
          },
          "sensitive_attributes": []
        },
        {
          "index_key": "vpc-dmz-cn-shanghai-001",
          "schema_version": 0,
          "attributes": {
            "cidr_block": "10.10.0.0/16",
            "dhcp_options_set_id": null,
            "dry_run": null,
            "enable_details": true,
            "id": "4013860924",
            "ids": [
              "vpc-uf6u5kn9pl6cp08xsrb81"
            ],
            "is_default": null,
            "name_regex": "vpc-dmz-cn-shanghai-001",
            "names": [
              "vpc-dmz-cn-shanghai-001"
            ],
            "output_file": null,
            "page_number": null,
            "page_size": 50,
            "resource_group_id": null,
            "status": "Available",
            "tags": null,
            "total_count": 3,
            "vpc_name": null,
            "vpc_owner_id": null,
            "vpcs": [
              {
                "cidr_block": "10.10.0.0/16",
                "creation_time": "2022-09-23T08:39:45Z",
                "description": "descriptions",
                "id": "vpc-uf6u5kn9pl6cp08xsrb81",
                "ipv6_cidr_block": "",
                "is_default": false,
                "region_id": "cn-shanghai",
                "resource_group_id": "rg-aekzm3veyi6yw3a",
                "route_table_id": "vtb-uf6bmvqhcdxr2glkbt09f",
                "router_id": "vrt-uf677dw2mu4b1jndnrouq",
                "secondary_cidr_blocks": [
                  "10.12.0.0/16",
                  "10.11.0.0/16"
                ],
                "status": "Available",
                "tags": {
                  "customer": "demo",
                  "department": "DevOps",
                  "email": "somebody@mail.com",
                  "environment": "dmz",
                  "location": "cn-shanghai",
                  "owner": "somebody",
                  "title": "Engineer"
                },
                "user_cidrs": [],
                "vpc_id": "vpc-uf6u5kn9pl6cp08xsrb81",
                "vpc_name": "vpc-dmz-cn-shanghai-001",
                "vrouter_id": "vrt-uf677dw2mu4b1jndnrouq",
                "vswitch_ids": []
              }
            ],
            "vswitch_id": null
          },
          "sensitive_attributes": []
        }
      ]
    },
    {
      "module": "module.security_group",
      "mode": "managed",
      "type": "alicloud_security_group",
      "name": "security_group",
      "provider": "provider[\"registry.terraform.io/hashicorp/alicloud\"]",
      "instances": [
        {
          "index_key": "sg-app-cn-shanghai-001",
          "schema_version": 0,
          "attributes": {
            "description": "descriptions",
            "id": "sg-uf61e62g3s9iaeovrro7",
            "inner_access": true,
            "inner_access_policy": "Accept",
            "name": "sg-app-cn-shanghai-001",
            "resource_group_id": "rg-aekzm3veyi6yw3a",
            "security_group_type": "normal",
            "tags": {
              "customer": "demo",
              "department": "DevOps",
              "email": "somebody@mail.com",
              "environment": "dmz",
              "location": "cn-shanghai",
              "owner": "somebody",
              "title": "Engineer"
            },
            "vpc_id": "vpc-uf6vwwz8i3dapsyr894ju"
          },
          "sensitive_attributes": [],
          "private": "bnVsbA==",
          "dependencies": [
            "module.resource_group.alicloud_resource_manager_resource_group.resource_group",
            "module.security_group.data.alicloud_resource_manager_resource_groups.resource_group",
            "module.security_group.data.alicloud_vpcs.vpcs",
            "module.vpc.alicloud_vpc.vpc",
            "module.vpc.alicloud_vpc_ipv4_cidr_block.vpc_ipv4_cidr_block",
            "module.vpc.data.alicloud_resource_manager_resource_groups.resource_group"
          ]
        },
        {
          "index_key": "sg-app-cn-shanghai-002",
          "schema_version": 0,
          "attributes": {
            "description": "descriptions",
            "id": "sg-uf6c2xw8vbvzjt2ihp7t",
            "inner_access": true,
            "inner_access_policy": "Accept",
            "name": "sg-app-cn-shanghai-002",
            "resource_group_id": "rg-aekzm3veyi6yw3a",
            "security_group_type": "normal",
            "tags": {
              "customer": "demo",
              "department": "DevOps",
              "email": "somebody@mail.com",
              "environment": "dmz",
              "location": "cn-shanghai",
              "owner": "somebody",
              "title": "Engineer"
            },
            "vpc_id": "vpc-uf6vwwz8i3dapsyr894ju"
          },
          "sensitive_attributes": [],
          "private": "bnVsbA==",
          "dependencies": [
            "module.resource_group.alicloud_resource_manager_resource_group.resource_group",
            "module.security_group.data.alicloud_resource_manager_resource_groups.resource_group",
            "module.security_group.data.alicloud_vpcs.vpcs",
            "module.vpc.alicloud_vpc.vpc",
            "module.vpc.alicloud_vpc_ipv4_cidr_block.vpc_ipv4_cidr_block",
            "module.vpc.data.alicloud_resource_manager_resource_groups.resource_group"
          ]
        },
        {
          "index_key": "sg-dmz-cn-shanghai-001",
          "schema_version": 0,
          "attributes": {
            "description": "descriptions",
            "id": "sg-uf6972dnl4j4au1rey98",
            "inner_access": true,
            "inner_access_policy": "Accept",
            "name": "sg-dmz-cn-shanghai-001",
            "resource_group_id": "rg-aekzm3veyi6yw3a",
            "security_group_type": "normal",
            "tags": {
              "customer": "demo",
              "department": "DevOps",
              "email": "somebody@mail.com",
              "environment": "dmz",
              "location": "cn-shanghai",
              "owner": "somebody",
              "title": "Engineer"
            },
            "vpc_id": "vpc-uf6u5kn9pl6cp08xsrb81"
          },
          "sensitive_attributes": [],
          "private": "bnVsbA==",
          "dependencies": [
            "module.resource_group.alicloud_resource_manager_resource_group.resource_group",
            "module.security_group.data.alicloud_resource_manager_resource_groups.resource_group",
            "module.security_group.data.alicloud_vpcs.vpcs",
            "module.vpc.alicloud_vpc.vpc",
            "module.vpc.alicloud_vpc_ipv4_cidr_block.vpc_ipv4_cidr_block",
            "module.vpc.data.alicloud_resource_manager_resource_groups.resource_group"
          ]
        },
        {
          "index_key": "sg-dmz-cn-shanghai-002",
          "schema_version": 0,
          "attributes": {
            "description": "descriptions",
            "id": "sg-uf616a6wnjhs9u4fctcj",
            "inner_access": true,
            "inner_access_policy": "Accept",
            "name": "sg-dmz-cn-shanghai-002",
            "resource_group_id": "rg-aekzm3veyi6yw3a",
            "security_group_type": "normal",
            "tags": {
              "customer": "demo",
              "department": "DevOps",
              "email": "somebody@mail.com",
              "environment": "dmz",
              "location": "cn-shanghai",
              "owner": "somebody",
              "title": "Engineer"
            },
            "vpc_id": "vpc-uf6u5kn9pl6cp08xsrb81"
          },
          "sensitive_attributes": [],
          "private": "bnVsbA==",
          "dependencies": [
            "module.resource_group.alicloud_resource_manager_resource_group.resource_group",
            "module.security_group.data.alicloud_resource_manager_resource_groups.resource_group",
            "module.security_group.data.alicloud_vpcs.vpcs",
            "module.vpc.alicloud_vpc.vpc",
            "module.vpc.alicloud_vpc_ipv4_cidr_block.vpc_ipv4_cidr_block",
            "module.vpc.data.alicloud_resource_manager_resource_groups.resource_group"
          ]
        }
      ]
    },
    {
      "module": "module.security_group",
      "mode": "managed",
      "type": "alicloud_security_group_rule",
      "name": "security_group_rule",
      "provider": "provider[\"registry.terraform.io/hashicorp/alicloud\"]",
      "instances": [
        {
          "index_key": "sg-app-cn-shanghai-001-tcp-443/443-intranet-accept-0.0.0.0/0",
          "schema_version": 0,
          "attributes": {
            "cidr_ip": "0.0.0.0/0",
            "description": "",
            "id": "sg-uf61e62g3s9iaeovrro7:ingress:tcp:443/443:intranet:0.0.0.0/0:accept:15",
            "ip_protocol": "tcp",
            "ipv6_cidr_ip": "",
            "nic_type": "intranet",
            "policy": "accept",
            "port_range": "443/443",
            "prefix_list_id": "",
            "priority": 15,
            "security_group_id": "sg-uf61e62g3s9iaeovrro7",
            "source_group_owner_account": "",
            "source_security_group_id": "",
            "type": "ingress"
          },
          "sensitive_attributes": [],
          "private": "bnVsbA==",
          "dependencies": [
            "module.resource_group.alicloud_resource_manager_resource_group.resource_group",
            "module.security_group.alicloud_security_group.security_group",
            "module.security_group.data.alicloud_resource_manager_resource_groups.resource_group",
            "module.security_group.data.alicloud_vpcs.vpcs",
            "module.vpc.alicloud_vpc.vpc",
            "module.vpc.alicloud_vpc_ipv4_cidr_block.vpc_ipv4_cidr_block",
            "module.vpc.data.alicloud_resource_manager_resource_groups.resource_group"
          ]
        },
        {
          "index_key": "sg-app-cn-shanghai-001-tcp-80/80-intranet-accept-0.0.0.0/0",
          "schema_version": 0,
          "attributes": {
            "cidr_ip": "0.0.0.0/0",
            "description": "",
            "id": "sg-uf61e62g3s9iaeovrro7:ingress:tcp:80/80:intranet:0.0.0.0/0:accept:10",
            "ip_protocol": "tcp",
            "ipv6_cidr_ip": "",
            "nic_type": "intranet",
            "policy": "accept",
            "port_range": "80/80",
            "prefix_list_id": "",
            "priority": 10,
            "security_group_id": "sg-uf61e62g3s9iaeovrro7",
            "source_group_owner_account": "",
            "source_security_group_id": "",
            "type": "ingress"
          },
          "sensitive_attributes": [],
          "private": "bnVsbA==",
          "dependencies": [
            "module.resource_group.alicloud_resource_manager_resource_group.resource_group",
            "module.security_group.alicloud_security_group.security_group",
            "module.security_group.data.alicloud_resource_manager_resource_groups.resource_group",
            "module.security_group.data.alicloud_vpcs.vpcs",
            "module.vpc.alicloud_vpc.vpc",
            "module.vpc.alicloud_vpc_ipv4_cidr_block.vpc_ipv4_cidr_block",
            "module.vpc.data.alicloud_resource_manager_resource_groups.resource_group"
          ]
        },
        {
          "index_key": "sg-app-cn-shanghai-002-tcp-443/443-intranet-accept-0.0.0.0/0",
          "schema_version": 0,
          "attributes": {
            "cidr_ip": "0.0.0.0/0",
            "description": "",
            "id": "sg-uf6c2xw8vbvzjt2ihp7t:ingress:tcp:443/443:intranet:0.0.0.0/0:accept:15",
            "ip_protocol": "tcp",
            "ipv6_cidr_ip": "",
            "nic_type": "intranet",
            "policy": "accept",
            "port_range": "443/443",
            "prefix_list_id": "",
            "priority": 15,
            "security_group_id": "sg-uf6c2xw8vbvzjt2ihp7t",
            "source_group_owner_account": "",
            "source_security_group_id": "",
            "type": "ingress"
          },
          "sensitive_attributes": [],
          "private": "bnVsbA==",
          "dependencies": [
            "module.resource_group.alicloud_resource_manager_resource_group.resource_group",
            "module.security_group.alicloud_security_group.security_group",
            "module.security_group.data.alicloud_resource_manager_resource_groups.resource_group",
            "module.security_group.data.alicloud_vpcs.vpcs",
            "module.vpc.alicloud_vpc.vpc",
            "module.vpc.alicloud_vpc_ipv4_cidr_block.vpc_ipv4_cidr_block",
            "module.vpc.data.alicloud_resource_manager_resource_groups.resource_group"
          ]
        },
        {
          "index_key": "sg-app-cn-shanghai-002-tcp-6379/6379-intranet-accept-0.0.0.0/0",
          "schema_version": 0,
          "attributes": {
            "cidr_ip": "0.0.0.0/0",
            "description": "",
            "id": "sg-uf6c2xw8vbvzjt2ihp7t:ingress:tcp:6379/6379:intranet:0.0.0.0/0:accept:10",
            "ip_protocol": "tcp",
            "ipv6_cidr_ip": "",
            "nic_type": "intranet",
            "policy": "accept",
            "port_range": "6379/6379",
            "prefix_list_id": "",
            "priority": 10,
            "security_group_id": "sg-uf6c2xw8vbvzjt2ihp7t",
            "source_group_owner_account": "",
            "source_security_group_id": "",
            "type": "ingress"
          },
          "sensitive_attributes": [],
          "private": "bnVsbA==",
          "dependencies": [
            "module.resource_group.alicloud_resource_manager_resource_group.resource_group",
            "module.security_group.alicloud_security_group.security_group",
            "module.security_group.data.alicloud_resource_manager_resource_groups.resource_group",
            "module.security_group.data.alicloud_vpcs.vpcs",
            "module.vpc.alicloud_vpc.vpc",
            "module.vpc.alicloud_vpc_ipv4_cidr_block.vpc_ipv4_cidr_block",
            "module.vpc.data.alicloud_resource_manager_resource_groups.resource_group"
          ]
        },
        {
          "index_key": "sg-dmz-cn-shanghai-001-tcp-443/443-intranet-accept-0.0.0.0/0",
          "schema_version": 0,
          "attributes": {
            "cidr_ip": "0.0.0.0/0",
            "description": "",
            "id": "sg-uf6972dnl4j4au1rey98:ingress:tcp:443/443:intranet:0.0.0.0/0:accept:15",
            "ip_protocol": "tcp",
            "ipv6_cidr_ip": "",
            "nic_type": "intranet",
            "policy": "accept",
            "port_range": "443/443",
            "prefix_list_id": "",
            "priority": 15,
            "security_group_id": "sg-uf6972dnl4j4au1rey98",
            "source_group_owner_account": "",
            "source_security_group_id": "",
            "type": "ingress"
          },
          "sensitive_attributes": [],
          "private": "bnVsbA==",
          "dependencies": [
            "module.resource_group.alicloud_resource_manager_resource_group.resource_group",
            "module.security_group.alicloud_security_group.security_group",
            "module.security_group.data.alicloud_resource_manager_resource_groups.resource_group",
            "module.security_group.data.alicloud_vpcs.vpcs",
            "module.vpc.alicloud_vpc.vpc",
            "module.vpc.alicloud_vpc_ipv4_cidr_block.vpc_ipv4_cidr_block",
            "module.vpc.data.alicloud_resource_manager_resource_groups.resource_group"
          ]
        },
        {
          "index_key": "sg-dmz-cn-shanghai-001-tcp-80/80-intranet-accept-0.0.0.0/0",
          "schema_version": 0,
          "attributes": {
            "cidr_ip": "0.0.0.0/0",
            "description": "",
            "id": "sg-uf6972dnl4j4au1rey98:ingress:tcp:80/80:intranet:0.0.0.0/0:accept:10",
            "ip_protocol": "tcp",
            "ipv6_cidr_ip": "",
            "nic_type": "intranet",
            "policy": "accept",
            "port_range": "80/80",
            "prefix_list_id": "",
            "priority": 10,
            "security_group_id": "sg-uf6972dnl4j4au1rey98",
            "source_group_owner_account": "",
            "source_security_group_id": "",
            "type": "ingress"
          },
          "sensitive_attributes": [],
          "private": "bnVsbA==",
          "dependencies": [
            "module.resource_group.alicloud_resource_manager_resource_group.resource_group",
            "module.security_group.alicloud_security_group.security_group",
            "module.security_group.data.alicloud_resource_manager_resource_groups.resource_group",
            "module.security_group.data.alicloud_vpcs.vpcs",
            "module.vpc.alicloud_vpc.vpc",
            "module.vpc.alicloud_vpc_ipv4_cidr_block.vpc_ipv4_cidr_block",
            "module.vpc.data.alicloud_resource_manager_resource_groups.resource_group"
          ]
        },
        {
          "index_key": "sg-dmz-cn-shanghai-002-tcp-443/443-intranet-accept-0.0.0.0/0",
          "schema_version": 0,
          "attributes": {
            "cidr_ip": "0.0.0.0/0",
            "description": "",
            "id": "sg-uf616a6wnjhs9u4fctcj:ingress:tcp:443/443:intranet:0.0.0.0/0:accept:15",
            "ip_protocol": "tcp",
            "ipv6_cidr_ip": "",
            "nic_type": "intranet",
            "policy": "accept",
            "port_range": "443/443",
            "prefix_list_id": "",
            "priority": 15,
            "security_group_id": "sg-uf616a6wnjhs9u4fctcj",
            "source_group_owner_account": "",
            "source_security_group_id": "",
            "type": "ingress"
          },
          "sensitive_attributes": [],
          "private": "bnVsbA==",
          "dependencies": [
            "module.resource_group.alicloud_resource_manager_resource_group.resource_group",
            "module.security_group.alicloud_security_group.security_group",
            "module.security_group.data.alicloud_resource_manager_resource_groups.resource_group",
            "module.security_group.data.alicloud_vpcs.vpcs",
            "module.vpc.alicloud_vpc.vpc",
            "module.vpc.alicloud_vpc_ipv4_cidr_block.vpc_ipv4_cidr_block",
            "module.vpc.data.alicloud_resource_manager_resource_groups.resource_group"
          ]
        },
        {
          "index_key": "sg-dmz-cn-shanghai-002-tcp-80/80-intranet-accept-0.0.0.0/0",
          "schema_version": 0,
          "attributes": {
            "cidr_ip": "0.0.0.0/0",
            "description": "",
            "id": "sg-uf616a6wnjhs9u4fctcj:ingress:tcp:80/80:intranet:0.0.0.0/0:accept:10",
            "ip_protocol": "tcp",
            "ipv6_cidr_ip": "",
            "nic_type": "intranet",
            "policy": "accept",
            "port_range": "80/80",
            "prefix_list_id": "",
            "priority": 10,
            "security_group_id": "sg-uf616a6wnjhs9u4fctcj",
            "source_group_owner_account": "",
            "source_security_group_id": "",
            "type": "ingress"
          },
          "sensitive_attributes": [],
          "private": "bnVsbA==",
          "dependencies": [
            "module.resource_group.alicloud_resource_manager_resource_group.resource_group",
            "module.security_group.alicloud_security_group.security_group",
            "module.security_group.data.alicloud_resource_manager_resource_groups.resource_group",
            "module.security_group.data.alicloud_vpcs.vpcs",
            "module.vpc.alicloud_vpc.vpc",
            "module.vpc.alicloud_vpc_ipv4_cidr_block.vpc_ipv4_cidr_block",
            "module.vpc.data.alicloud_resource_manager_resource_groups.resource_group"
          ]
        }
      ]
    },
    {
      "module": "module.vpc",
      "mode": "data",
      "type": "alicloud_resource_manager_resource_groups",
      "name": "resource_group",
      "provider": "provider[\"registry.terraform.io/hashicorp/alicloud\"]",
      "instances": [
        {
          "schema_version": 0,
          "attributes": {
            "enable_details": false,
            "groups": [
              {
                "account_id": "1339688626260416",
                "display_name": "Network resource group for demo.",
                "id": "rg-aekzm3veyi6yw3a",
                "name": "rg-network-dmz-001",
                "region_statuses": [],
                "resource_group_name": "rg-network-dmz-001",
                "status": "OK"
              }
            ],
            "id": "3249415519",
            "ids": [
              "rg-aekzm3veyi6yw3a"
            ],
            "name_regex": "rg-network-dmz-001",
            "names": [
              "rg-network-dmz-001"
            ],
            "output_file": null,
            "status": "OK"
          },
          "sensitive_attributes": []
        }
      ]
    },
    {
      "module": "module.vpc",
      "mode": "managed",
      "type": "alicloud_vpc",
      "name": "vpc",
      "provider": "provider[\"registry.terraform.io/hashicorp/alicloud\"]",
      "instances": [
        {
          "index_key": "vpc-app-cn-shanghai-001",
          "schema_version": 0,
          "attributes": {
            "cidr_block": "10.20.0.0/16",
            "description": "descriptions",
            "dry_run": null,
            "enable_ipv6": null,
            "id": "vpc-uf6vwwz8i3dapsyr894ju",
            "ipv6_cidr_block": "",
            "name": "vpc-app-cn-shanghai-001",
            "resource_group_id": "rg-aekzm3veyi6yw3a",
            "route_table_id": "vtb-uf6rumvxhae5zv8yhh6bw",
            "router_id": "vrt-uf6jtvewcuww2vggl2g5n",
            "router_table_id": "vtb-uf6rumvxhae5zv8yhh6bw",
            "secondary_cidr_blocks": [],
            "status": "Available",
            "tags": {
              "customer": "demo",
              "department": "DevOps",
              "email": "somebody@mail.com",
              "environment": "dmz",
              "location": "cn-shanghai",
              "owner": "somebody",
              "title": "Engineer"
            },
            "timeouts": null,
            "user_cidrs": null,
            "vpc_name": "vpc-app-cn-shanghai-001"
          },
          "sensitive_attributes": [],
          "private": "eyJlMmJmYjczMC1lY2FhLTExZTYtOGY4OC0zNDM2M2JjN2M0YzAiOnsiY3JlYXRlIjo2MDAwMDAwMDAwMDAsImRlbGV0ZSI6NjAwMDAwMDAwMDAwfX0=",
          "dependencies": [
            "module.resource_group.alicloud_resource_manager_resource_group.resource_group",
            "module.vpc.data.alicloud_resource_manager_resource_groups.resource_group"
          ]
        },
        {
          "index_key": "vpc-dmz-cn-shanghai-001",
          "schema_version": 0,
          "attributes": {
            "cidr_block": "10.10.0.0/16",
            "description": "descriptions",
            "dry_run": null,
            "enable_ipv6": null,
            "id": "vpc-uf6u5kn9pl6cp08xsrb81",
            "ipv6_cidr_block": "",
            "name": "vpc-dmz-cn-shanghai-001",
            "resource_group_id": "rg-aekzm3veyi6yw3a",
            "route_table_id": "vtb-uf6bmvqhcdxr2glkbt09f",
            "router_id": "vrt-uf677dw2mu4b1jndnrouq",
            "router_table_id": "vtb-uf6bmvqhcdxr2glkbt09f",
            "secondary_cidr_blocks": [],
            "status": "Available",
            "tags": {
              "customer": "demo",
              "department": "DevOps",
              "email": "somebody@mail.com",
              "environment": "dmz",
              "location": "cn-shanghai",
              "owner": "somebody",
              "title": "Engineer"
            },
            "timeouts": null,
            "user_cidrs": null,
            "vpc_name": "vpc-dmz-cn-shanghai-001"
          },
          "sensitive_attributes": [],
          "private": "eyJlMmJmYjczMC1lY2FhLTExZTYtOGY4OC0zNDM2M2JjN2M0YzAiOnsiY3JlYXRlIjo2MDAwMDAwMDAwMDAsImRlbGV0ZSI6NjAwMDAwMDAwMDAwfX0=",
          "dependencies": [
            "module.resource_group.alicloud_resource_manager_resource_group.resource_group",
            "module.vpc.data.alicloud_resource_manager_resource_groups.resource_group"
          ]
        }
      ]
    },
    {
      "module": "module.vpc",
      "mode": "managed",
      "type": "alicloud_vpc_ipv4_cidr_block",
      "name": "vpc_ipv4_cidr_block",
      "provider": "provider[\"registry.terraform.io/hashicorp/alicloud\"]",
      "instances": [
        {
          "index_key": "10.11.0.0/16",
          "schema_version": 0,
          "attributes": {
            "id": "vpc-uf6u5kn9pl6cp08xsrb81:10.11.0.0/16",
            "secondary_cidr_block": "10.11.0.0/16",
            "vpc_id": "vpc-uf6u5kn9pl6cp08xsrb81"
          },
          "sensitive_attributes": [],
          "private": "bnVsbA==",
          "dependencies": [
            "module.resource_group.alicloud_resource_manager_resource_group.resource_group",
            "module.vpc.alicloud_vpc.vpc",
            "module.vpc.data.alicloud_resource_manager_resource_groups.resource_group"
          ]
        },
        {
          "index_key": "10.12.0.0/16",
          "schema_version": 0,
          "attributes": {
            "id": "vpc-uf6u5kn9pl6cp08xsrb81:10.12.0.0/16",
            "secondary_cidr_block": "10.12.0.0/16",
            "vpc_id": "vpc-uf6u5kn9pl6cp08xsrb81"
          },
          "sensitive_attributes": [],
          "private": "bnVsbA==",
          "dependencies": [
            "module.resource_group.alicloud_resource_manager_resource_group.resource_group",
            "module.vpc.alicloud_vpc.vpc",
            "module.vpc.data.alicloud_resource_manager_resource_groups.resource_group"
          ]
        },
        {
          "index_key": "10.21.0.0/16",
          "schema_version": 0,
          "attributes": {
            "id": "vpc-uf6vwwz8i3dapsyr894ju:10.21.0.0/16",
            "secondary_cidr_block": "10.21.0.0/16",
            "vpc_id": "vpc-uf6vwwz8i3dapsyr894ju"
          },
          "sensitive_attributes": [],
          "private": "bnVsbA==",
          "dependencies": [
            "module.resource_group.alicloud_resource_manager_resource_group.resource_group",
            "module.vpc.alicloud_vpc.vpc",
            "module.vpc.data.alicloud_resource_manager_resource_groups.resource_group"
          ]
        },
        {
          "index_key": "10.22.0.0/16",
          "schema_version": 0,
          "attributes": {
            "id": "vpc-uf6vwwz8i3dapsyr894ju:10.22.0.0/16",
            "secondary_cidr_block": "10.22.0.0/16",
            "vpc_id": "vpc-uf6vwwz8i3dapsyr894ju"
          },
          "sensitive_attributes": [],
          "private": "bnVsbA==",
          "dependencies": [
            "module.resource_group.alicloud_resource_manager_resource_group.resource_group",
            "module.vpc.alicloud_vpc.vpc",
            "module.vpc.data.alicloud_resource_manager_resource_groups.resource_group"
          ]
        }
      ]
    },
    {
      "module": "module.vswitch",
      "mode": "data",
      "type": "alicloud_vpcs",
      "name": "vpcs",
      "provider": "provider[\"registry.terraform.io/hashicorp/alicloud\"]",
      "instances": [
        {
          "index_key": "vpc-app-cn-shanghai-001",
          "schema_version": 0,
          "attributes": {
            "cidr_block": "10.20.0.0/16",
            "dhcp_options_set_id": null,
            "dry_run": null,
            "enable_details": true,
            "id": "1829249080",
            "ids": [
              "vpc-uf6vwwz8i3dapsyr894ju"
            ],
            "is_default": null,
            "name_regex": "vpc-app-cn-shanghai-001",
            "names": [
              "vpc-app-cn-shanghai-001"
            ],
            "output_file": null,
            "page_number": null,
            "page_size": 50,
            "resource_group_id": null,
            "status": "Available",
            "tags": null,
            "total_count": 3,
            "vpc_name": null,
            "vpc_owner_id": null,
            "vpcs": [
              {
                "cidr_block": "10.20.0.0/16",
                "creation_time": "2022-09-23T08:39:45Z",
                "description": "descriptions",
                "id": "vpc-uf6vwwz8i3dapsyr894ju",
                "ipv6_cidr_block": "",
                "is_default": false,
                "region_id": "cn-shanghai",
                "resource_group_id": "rg-aekzm3veyi6yw3a",
                "route_table_id": "vtb-uf6rumvxhae5zv8yhh6bw",
                "router_id": "vrt-uf6jtvewcuww2vggl2g5n",
                "secondary_cidr_blocks": [
                  "10.21.0.0/16",
                  "10.22.0.0/16"
                ],
                "status": "Available",
                "tags": {
                  "customer": "demo",
                  "department": "DevOps",
                  "email": "somebody@mail.com",
                  "environment": "dmz",
                  "location": "cn-shanghai",
                  "owner": "somebody",
                  "title": "Engineer"
                },
                "user_cidrs": [],
                "vpc_id": "vpc-uf6vwwz8i3dapsyr894ju",
                "vpc_name": "vpc-app-cn-shanghai-001",
                "vrouter_id": "vrt-uf6jtvewcuww2vggl2g5n",
                "vswitch_ids": []
              }
            ],
            "vswitch_id": null
          },
          "sensitive_attributes": []
        },
        {
          "index_key": "vpc-dmz-cn-shanghai-001",
          "schema_version": 0,
          "attributes": {
            "cidr_block": "10.10.0.0/16",
            "dhcp_options_set_id": null,
            "dry_run": null,
            "enable_details": true,
            "id": "4013860924",
            "ids": [
              "vpc-uf6u5kn9pl6cp08xsrb81"
            ],
            "is_default": null,
            "name_regex": "vpc-dmz-cn-shanghai-001",
            "names": [
              "vpc-dmz-cn-shanghai-001"
            ],
            "output_file": null,
            "page_number": null,
            "page_size": 50,
            "resource_group_id": null,
            "status": "Available",
            "tags": null,
            "total_count": 3,
            "vpc_name": null,
            "vpc_owner_id": null,
            "vpcs": [
              {
                "cidr_block": "10.10.0.0/16",
                "creation_time": "2022-09-23T08:39:45Z",
                "description": "descriptions",
                "id": "vpc-uf6u5kn9pl6cp08xsrb81",
                "ipv6_cidr_block": "",
                "is_default": false,
                "region_id": "cn-shanghai",
                "resource_group_id": "rg-aekzm3veyi6yw3a",
                "route_table_id": "vtb-uf6bmvqhcdxr2glkbt09f",
                "router_id": "vrt-uf677dw2mu4b1jndnrouq",
                "secondary_cidr_blocks": [
                  "10.12.0.0/16",
                  "10.11.0.0/16"
                ],
                "status": "Available",
                "tags": {
                  "customer": "demo",
                  "department": "DevOps",
                  "email": "somebody@mail.com",
                  "environment": "dmz",
                  "location": "cn-shanghai",
                  "owner": "somebody",
                  "title": "Engineer"
                },
                "user_cidrs": [],
                "vpc_id": "vpc-uf6u5kn9pl6cp08xsrb81",
                "vpc_name": "vpc-dmz-cn-shanghai-001",
                "vrouter_id": "vrt-uf677dw2mu4b1jndnrouq",
                "vswitch_ids": []
              }
            ],
            "vswitch_id": null
          },
          "sensitive_attributes": []
        }
      ]
    },
    {
      "module": "module.vswitch",
      "mode": "managed",
      "type": "alicloud_vswitch",
      "name": "vswitch",
      "provider": "provider[\"registry.terraform.io/hashicorp/alicloud\"]",
      "instances": [
        {
          "index_key": "vswitch-app-cn-shanghai-001",
          "schema_version": 0,
          "attributes": {
            "availability_zone": "cn-shanghai-f",
            "cidr_block": "10.20.0.0/24",
            "description": "descriptions",
            "id": "vsw-uf679hmejr651atgerkw9",
            "name": "vswitch-app-cn-shanghai-001",
            "status": "Available",
            "tags": {
              "customer": "demo",
              "department": "DevOps",
              "email": "somebody@mail.com",
              "environment": "dmz",
              "location": "cn-shanghai",
              "owner": "somebody",
              "title": "Engineer"
            },
            "timeouts": null,
            "vpc_id": "vpc-uf6vwwz8i3dapsyr894ju",
            "vswitch_name": "vswitch-app-cn-shanghai-001",
            "zone_id": "cn-shanghai-f"
          },
          "sensitive_attributes": [],
          "private": "eyJlMmJmYjczMC1lY2FhLTExZTYtOGY4OC0zNDM2M2JjN2M0YzAiOnsiY3JlYXRlIjo2MDAwMDAwMDAwMDAsImRlbGV0ZSI6NjAwMDAwMDAwMDAwfX0=",
          "dependencies": [
            "module.resource_group.alicloud_resource_manager_resource_group.resource_group",
            "module.vpc.alicloud_vpc.vpc",
            "module.vpc.alicloud_vpc_ipv4_cidr_block.vpc_ipv4_cidr_block",
            "module.vpc.data.alicloud_resource_manager_resource_groups.resource_group",
            "module.vswitch.data.alicloud_vpcs.vpcs"
          ]
        },
        {
          "index_key": "vswitch-app-cn-shanghai-002",
          "schema_version": 0,
          "attributes": {
            "availability_zone": "cn-shanghai-f",
            "cidr_block": "10.20.1.0/24",
            "description": "descriptions",
            "id": "vsw-uf6d8vuhjntuilr4ba1yv",
            "name": "vswitch-app-cn-shanghai-002",
            "status": "Available",
            "tags": {
              "customer": "demo",
              "department": "DevOps",
              "email": "somebody@mail.com",
              "environment": "dmz",
              "location": "cn-shanghai",
              "owner": "somebody",
              "title": "Engineer"
            },
            "timeouts": null,
            "vpc_id": "vpc-uf6vwwz8i3dapsyr894ju",
            "vswitch_name": "vswitch-app-cn-shanghai-002",
            "zone_id": "cn-shanghai-f"
          },
          "sensitive_attributes": [],
          "private": "eyJlMmJmYjczMC1lY2FhLTExZTYtOGY4OC0zNDM2M2JjN2M0YzAiOnsiY3JlYXRlIjo2MDAwMDAwMDAwMDAsImRlbGV0ZSI6NjAwMDAwMDAwMDAwfX0=",
          "dependencies": [
            "module.resource_group.alicloud_resource_manager_resource_group.resource_group",
            "module.vpc.alicloud_vpc.vpc",
            "module.vpc.alicloud_vpc_ipv4_cidr_block.vpc_ipv4_cidr_block",
            "module.vpc.data.alicloud_resource_manager_resource_groups.resource_group",
            "module.vswitch.data.alicloud_vpcs.vpcs"
          ]
        },
        {
          "index_key": "vswitch-dmz-cn-shanghai-001",
          "schema_version": 0,
          "attributes": {
            "availability_zone": "cn-shanghai-f",
            "cidr_block": "10.10.0.0/24",
            "description": "descriptions",
            "id": "vsw-uf6858itl0n8pu11tzmk4",
            "name": "vswitch-dmz-cn-shanghai-001",
            "status": "Available",
            "tags": {
              "customer": "demo",
              "department": "DevOps",
              "email": "somebody@mail.com",
              "environment": "dmz",
              "location": "cn-shanghai",
              "owner": "somebody",
              "title": "Engineer"
            },
            "timeouts": null,
            "vpc_id": "vpc-uf6u5kn9pl6cp08xsrb81",
            "vswitch_name": "vswitch-dmz-cn-shanghai-001",
            "zone_id": "cn-shanghai-f"
          },
          "sensitive_attributes": [],
          "private": "eyJlMmJmYjczMC1lY2FhLTExZTYtOGY4OC0zNDM2M2JjN2M0YzAiOnsiY3JlYXRlIjo2MDAwMDAwMDAwMDAsImRlbGV0ZSI6NjAwMDAwMDAwMDAwfX0=",
          "dependencies": [
            "module.resource_group.alicloud_resource_manager_resource_group.resource_group",
            "module.vpc.alicloud_vpc.vpc",
            "module.vpc.alicloud_vpc_ipv4_cidr_block.vpc_ipv4_cidr_block",
            "module.vpc.data.alicloud_resource_manager_resource_groups.resource_group",
            "module.vswitch.data.alicloud_vpcs.vpcs"
          ]
        },
        {
          "index_key": "vswitch-dmz-cn-shanghai-002",
          "schema_version": 0,
          "attributes": {
            "availability_zone": "cn-shanghai-f",
            "cidr_block": "10.10.1.0/24",
            "description": "descriptions",
            "id": "vsw-uf6ll1g9dd5ibq9v0dpae",
            "name": "vswitch-dmz-cn-shanghai-002",
            "status": "Available",
            "tags": {
              "customer": "demo",
              "department": "DevOps",
              "email": "somebody@mail.com",
              "environment": "dmz",
              "location": "cn-shanghai",
              "owner": "somebody",
              "title": "Engineer"
            },
            "timeouts": null,
            "vpc_id": "vpc-uf6u5kn9pl6cp08xsrb81",
            "vswitch_name": "vswitch-dmz-cn-shanghai-002",
            "zone_id": "cn-shanghai-f"
          },
          "sensitive_attributes": [],
          "private": "eyJlMmJmYjczMC1lY2FhLTExZTYtOGY4OC0zNDM2M2JjN2M0YzAiOnsiY3JlYXRlIjo2MDAwMDAwMDAwMDAsImRlbGV0ZSI6NjAwMDAwMDAwMDAwfX0=",
          "dependencies": [
            "module.resource_group.alicloud_resource_manager_resource_group.resource_group",
            "module.vpc.alicloud_vpc.vpc",
            "module.vpc.alicloud_vpc_ipv4_cidr_block.vpc_ipv4_cidr_block",
            "module.vpc.data.alicloud_resource_manager_resource_groups.resource_group",
            "module.vswitch.data.alicloud_vpcs.vpcs"
          ]
        }
      ]
    }
  ]
}
