{
  "version": 4,
  "terraform_version": "1.2.8",
  "serial": 93,
  "lineage": "ac0aa380-b327-5307-c0e0-cb0f0aa912f8",
  "outputs": {},
  "resources": [
    {
      "module": "module.resource_group",
      "mode": "managed",
      "type": "alicloud_resource_manager_resource_group",
      "name": "resource_group",
      "provider": "provider[\"registry.terraform.io/hashicorp/alicloud\"]",
      "instances": [
        {
          "schema_version": 0,
          "attributes": {
            "account_id": "1339688626260416",
            "create_date": null,
            "display_name": "Network resource group for demo.",
            "id": "rg-aek2axzdhvhznhy",
            "name": "rg-network-dmz-001",
            "region_statuses": [
              {
                "region_id": "ap-northeast-1",
                "status": "OK"
              },
              {
                "region_id": "ap-northeast-2",
                "status": "OK"
              },
              {
                "region_id": "ap-singapore-cloudstone",
                "status": "OK"
              },
              {
                "region_id": "ap-south-1",
                "status": "OK"
              },
              {
                "region_id": "ap-southeast-1",
                "status": "OK"
              },
              {
                "region_id": "ap-southeast-2",
                "status": "OK"
              },
              {
                "region_id": "ap-southeast-3",
                "status": "OK"
              },
              {
                "region_id": "ap-southeast-5",
                "status": "OK"
              },
              {
                "region_id": "ap-southeast-6",
                "status": "OK"
              },
              {
                "region_id": "ap-southeast-7",
                "status": "OK"
              },
              {
                "region_id": "cn-beijing",
                "status": "OK"
              },
              {
                "region_id": "cn-chengdu",
                "status": "OK"
              },
              {
                "region_id": "cn-guangzhou",
                "status": "OK"
              },
              {
                "region_id": "cn-hangzhou",
                "status": "OK"
              },
              {
                "region_id": "cn-hangzhou-cloudstone",
                "status": "OK"
              },
              {
                "region_id": "cn-hangzhou-test-306",
                "status": "OK"
              },
              {
                "region_id": "cn-heyuan",
                "status": "OK"
              },
              {
                "region_id": "cn-hongkong",
                "status": "OK"
              },
              {
                "region_id": "cn-huhehaote",
                "status": "OK"
              },
              {
                "region_id": "cn-north-2-gov-1",
                "status": "OK"
              },
              {
                "region_id": "cn-qingdao",
                "status": "OK"
              },
              {
                "region_id": "cn-shanghai",
                "status": "OK"
              },
              {
                "region_id": "cn-shanghai-finance-1",
                "status": "OK"
              },
              {
                "region_id": "cn-shenzhen",
                "status": "OK"
              },
              {
                "region_id": "cn-shenzhen-finance-1",
                "status": "OK"
              },
              {
                "region_id": "cn-wulanchabu",
                "status": "OK"
              },
              {
                "region_id": "cn-zhangjiakou",
                "status": "OK"
              },
              {
                "region_id": "eu-central-1",
                "status": "OK"
              },
              {
                "region_id": "eu-west-1",
                "status": "OK"
              },
              {
                "region_id": "me-east-1",
                "status": "OK"
              },
              {
                "region_id": "rus-west-1",
                "status": "OK"
              },
              {
                "region_id": "us-east-1",
                "status": "OK"
              },
              {
                "region_id": "us-west-1",
                "status": "OK"
              }
            ],
            "resource_group_name": "rg-network-dmz-001",
            "status": "OK",
            "timeouts": null
          },
          "sensitive_attributes": [],
          "private": "eyJlMmJmYjczMC1lY2FhLTExZTYtOGY4OC0zNDM2M2JjN2M0YzAiOnsiY3JlYXRlIjo2NjAwMDAwMDAwMDB9fQ=="
        }
      ]
    },
    {
      "module": "module.vpc",
      "mode": "data",
      "type": "alicloud_resource_manager_resource_groups",
      "name": "resource_group",
      "provider": "provider[\"registry.terraform.io/hashicorp/alicloud\"]",
      "instances": [
        {
          "schema_version": 0,
          "attributes": {
            "enable_details": false,
            "groups": [
              {
                "account_id": "1339688626260416",
                "display_name": "Network resource group for demo.",
                "id": "rg-aek2axzdhvhznhy",
                "name": "rg-network-dmz-001",
                "region_statuses": [],
                "resource_group_name": "rg-network-dmz-001",
                "status": "OK"
              }
            ],
            "id": "1145360294",
            "ids": [
              "rg-aek2axzdhvhznhy"
            ],
            "name_regex": "rg-network-dmz-001",
            "names": [
              "rg-network-dmz-001"
            ],
            "output_file": null,
            "status": "OK"
          },
          "sensitive_attributes": []
        }
      ]
    },
    {
      "module": "module.vpc",
      "mode": "managed",
      "type": "alicloud_vpc",
      "name": "vpc",
      "provider": "provider[\"registry.terraform.io/hashicorp/alicloud\"]",
      "instances": [
        {
          "index_key": "vpc-dmz-cn-shanghai-001",
          "schema_version": 0,
          "attributes": {
            "cidr_block": "10.10.0.0/16",
            "description": "descriptions",
            "dry_run": null,
            "enable_ipv6": null,
            "id": "vpc-uf6cl7lkgcxbfcouqnnht",
            "ipv6_cidr_block": "",
            "name": "vpc-dmz-cn-shanghai-001",
            "resource_group_id": "rg-aek2axzdhvhznhy",
            "route_table_id": "vtb-uf6hzy48zwblljlejdy2b",
            "router_id": "vrt-uf6mi0xc0hnsnrzaoojhu",
            "router_table_id": "vtb-uf6hzy48zwblljlejdy2b",
            "secondary_cidr_blocks": [],
            "status": "Available",
            "tags": {
              "customer": "demo",
              "department": "DevOps",
              "email": "somebody@mail.com",
              "environment": "dmz",
              "location": "cn-shanghai",
              "owner": "somebody",
              "title": "Engineer"
            },
            "timeouts": null,
            "user_cidrs": null,
            "vpc_name": "vpc-dmz-cn-shanghai-001"
          },
          "sensitive_attributes": [],
          "private": "eyJlMmJmYjczMC1lY2FhLTExZTYtOGY4OC0zNDM2M2JjN2M0YzAiOnsiY3JlYXRlIjo2MDAwMDAwMDAwMDAsImRlbGV0ZSI6NjAwMDAwMDAwMDAwfX0=",
          "dependencies": [
            "module.resource_group.alicloud_resource_manager_resource_group.resource_group",
            "module.vpc.data.alicloud_resource_manager_resource_groups.resource_group"
          ]
        },
        {
          "index_key": "vpc-dmz-cn-shanghai-002",
          "schema_version": 0,
          "attributes": {
            "cidr_block": "10.20.0.0/16",
            "description": "descriptions",
            "dry_run": null,
            "enable_ipv6": null,
            "id": "vpc-uf62jzoro0c5fu719xxiz",
            "ipv6_cidr_block": "",
            "name": "vpc-dmz-cn-shanghai-002",
            "resource_group_id": "rg-aek2axzdhvhznhy",
            "route_table_id": "vtb-uf6rfwg70wgh2vkpcw2kd",
            "router_id": "vrt-uf62kwhy4m1tt0ckuuupo",
            "router_table_id": "vtb-uf6rfwg70wgh2vkpcw2kd",
            "secondary_cidr_blocks": [],
            "status": "Available",
            "tags": {
              "customer": "demo",
              "department": "DevOps",
              "email": "somebody@mail.com",
              "environment": "dmz",
              "location": "cn-shanghai",
              "owner": "somebody",
              "title": "Engineer"
            },
            "timeouts": null,
            "user_cidrs": null,
            "vpc_name": "vpc-dmz-cn-shanghai-002"
          },
          "sensitive_attributes": [],
          "private": "eyJlMmJmYjczMC1lY2FhLTExZTYtOGY4OC0zNDM2M2JjN2M0YzAiOnsiY3JlYXRlIjo2MDAwMDAwMDAwMDAsImRlbGV0ZSI6NjAwMDAwMDAwMDAwfX0=",
          "dependencies": [
            "module.resource_group.alicloud_resource_manager_resource_group.resource_group",
            "module.vpc.data.alicloud_resource_manager_resource_groups.resource_group"
          ]
        }
      ]
    },
    {
      "module": "module.vpc",
      "mode": "managed",
      "type": "alicloud_vpc_ipv4_cidr_block",
      "name": "vpc_ipv4_cidr_block",
      "provider": "provider[\"registry.terraform.io/hashicorp/alicloud\"]",
      "instances": [
        {
          "index_key": "10.11.0.0/16",
          "schema_version": 0,
          "attributes": {
            "id": "vpc-uf6cl7lkgcxbfcouqnnht:10.11.0.0/16",
            "secondary_cidr_block": "10.11.0.0/16",
            "vpc_id": "vpc-uf6cl7lkgcxbfcouqnnht"
          },
          "sensitive_attributes": [],
          "private": "bnVsbA==",
          "dependencies": [
            "module.resource_group.alicloud_resource_manager_resource_group.resource_group",
            "module.vpc.alicloud_vpc.vpc",
            "module.vpc.data.alicloud_resource_manager_resource_groups.resource_group"
          ]
        },
        {
          "index_key": "10.12.0.0/16",
          "schema_version": 0,
          "attributes": {
            "id": "vpc-uf6cl7lkgcxbfcouqnnht:10.12.0.0/16",
            "secondary_cidr_block": "10.12.0.0/16",
            "vpc_id": "vpc-uf6cl7lkgcxbfcouqnnht"
          },
          "sensitive_attributes": [],
          "private": "bnVsbA==",
          "dependencies": [
            "module.resource_group.alicloud_resource_manager_resource_group.resource_group",
            "module.vpc.alicloud_vpc.vpc",
            "module.vpc.data.alicloud_resource_manager_resource_groups.resource_group"
          ]
        },
        {
          "index_key": "10.21.0.0/16",
          "schema_version": 0,
          "attributes": {
            "id": "vpc-uf62jzoro0c5fu719xxiz:10.21.0.0/16",
            "secondary_cidr_block": "10.21.0.0/16",
            "vpc_id": "vpc-uf62jzoro0c5fu719xxiz"
          },
          "sensitive_attributes": [],
          "private": "bnVsbA==",
          "dependencies": [
            "module.resource_group.alicloud_resource_manager_resource_group.resource_group",
            "module.vpc.alicloud_vpc.vpc",
            "module.vpc.data.alicloud_resource_manager_resource_groups.resource_group"
          ]
        },
        {
          "index_key": "10.22.0.0/16",
          "schema_version": 0,
          "attributes": {
            "id": "vpc-uf62jzoro0c5fu719xxiz:10.22.0.0/16",
            "secondary_cidr_block": "10.22.0.0/16",
            "vpc_id": "vpc-uf62jzoro0c5fu719xxiz"
          },
          "sensitive_attributes": [],
          "private": "bnVsbA==",
          "dependencies": [
            "module.resource_group.alicloud_resource_manager_resource_group.resource_group",
            "module.vpc.alicloud_vpc.vpc",
            "module.vpc.data.alicloud_resource_manager_resource_groups.resource_group"
          ]
        }
      ]
    },
    {
      "module": "module.vswitch",
      "mode": "data",
      "type": "alicloud_vpcs",
      "name": "vpcs",
      "provider": "provider[\"registry.terraform.io/hashicorp/alicloud\"]",
      "instances": [
        {
          "index_key": "vpc-dmz-cn-shanghai-001",
          "schema_version": 0,
          "attributes": {
            "cidr_block": "10.10.0.0/16",
            "dhcp_options_set_id": null,
            "dry_run": null,
            "enable_details": true,
            "id": "1393120988",
            "ids": [
              "vpc-uf6cl7lkgcxbfcouqnnht"
            ],
            "is_default": null,
            "name_regex": "vpc-dmz-cn-shanghai-001",
            "names": [
              "vpc-dmz-cn-shanghai-001"
            ],
            "output_file": null,
            "page_number": null,
            "page_size": 50,
            "resource_group_id": null,
            "status": "Available",
            "tags": null,
            "total_count": 3,
            "vpc_name": null,
            "vpc_owner_id": null,
            "vpcs": [
              {
                "cidr_block": "10.10.0.0/16",
                "creation_time": "2022-09-22T03:10:46Z",
                "description": "descriptions",
                "id": "vpc-uf6cl7lkgcxbfcouqnnht",
                "ipv6_cidr_block": "",
                "is_default": false,
                "region_id": "cn-shanghai",
                "resource_group_id": "rg-aek2axzdhvhznhy",
                "route_table_id": "vtb-uf6hzy48zwblljlejdy2b",
                "router_id": "vrt-uf6mi0xc0hnsnrzaoojhu",
                "secondary_cidr_blocks": [
                  "10.12.0.0/16",
                  "10.11.0.0/16"
                ],
                "status": "Available",
                "tags": {
                  "customer": "demo",
                  "department": "DevOps",
                  "email": "somebody@mail.com",
                  "environment": "dmz",
                  "location": "cn-shanghai",
                  "owner": "somebody",
                  "title": "Engineer"
                },
                "user_cidrs": [],
                "vpc_id": "vpc-uf6cl7lkgcxbfcouqnnht",
                "vpc_name": "vpc-dmz-cn-shanghai-001",
                "vrouter_id": "vrt-uf6mi0xc0hnsnrzaoojhu",
                "vswitch_ids": []
              }
            ],
            "vswitch_id": null
          },
          "sensitive_attributes": []
        },
        {
          "index_key": "vpc-dmz-cn-shanghai-002",
          "schema_version": 0,
          "attributes": {
            "cidr_block": "10.20.0.0/16",
            "dhcp_options_set_id": null,
            "dry_run": null,
            "enable_details": true,
            "id": "607036656",
            "ids": [
              "vpc-uf62jzoro0c5fu719xxiz"
            ],
            "is_default": null,
            "name_regex": "vpc-dmz-cn-shanghai-002",
            "names": [
              "vpc-dmz-cn-shanghai-002"
            ],
            "output_file": null,
            "page_number": null,
            "page_size": 50,
            "resource_group_id": null,
            "status": "Available",
            "tags": null,
            "total_count": 3,
            "vpc_name": null,
            "vpc_owner_id": null,
            "vpcs": [
              {
                "cidr_block": "10.20.0.0/16",
                "creation_time": "2022-09-22T03:10:46Z",
                "description": "descriptions",
                "id": "vpc-uf62jzoro0c5fu719xxiz",
                "ipv6_cidr_block": "",
                "is_default": false,
                "region_id": "cn-shanghai",
                "resource_group_id": "rg-aek2axzdhvhznhy",
                "route_table_id": "vtb-uf6rfwg70wgh2vkpcw2kd",
                "router_id": "vrt-uf62kwhy4m1tt0ckuuupo",
                "secondary_cidr_blocks": [
                  "10.22.0.0/16",
                  "10.21.0.0/16"
                ],
                "status": "Available",
                "tags": {
                  "customer": "demo",
                  "department": "DevOps",
                  "email": "somebody@mail.com",
                  "environment": "dmz",
                  "location": "cn-shanghai",
                  "owner": "somebody",
                  "title": "Engineer"
                },
                "user_cidrs": [],
                "vpc_id": "vpc-uf62jzoro0c5fu719xxiz",
                "vpc_name": "vpc-dmz-cn-shanghai-002",
                "vrouter_id": "vrt-uf62kwhy4m1tt0ckuuupo",
                "vswitch_ids": []
              }
            ],
            "vswitch_id": null
          },
          "sensitive_attributes": []
        }
      ]
    },
    {
      "module": "module.vswitch",
      "mode": "managed",
      "type": "alicloud_vswitch",
      "name": "vswitch",
      "provider": "provider[\"registry.terraform.io/hashicorp/alicloud\"]",
      "instances": [
        {
          "index_key": "vswitch-dmz-cn-shanghai-001",
          "schema_version": 0,
          "attributes": {
            "availability_zone": "cn-shanghai-c",
            "cidr_block": "10.10.0.0/24",
            "description": "descriptions",
            "id": "vsw-uf65eza1s4u7rl25krqut",
            "name": "vswitch-dmz-cn-shanghai-001",
            "status": "Available",
            "tags": {
              "customer": "demo",
              "department": "DevOps",
              "email": "somebody@mail.com",
              "environment": "dmz",
              "location": "cn-shanghai",
              "owner": "somebody",
              "title": "Engineer"
            },
            "timeouts": null,
            "vpc_id": "vpc-uf6cl7lkgcxbfcouqnnht",
            "vswitch_name": "vswitch-dmz-cn-shanghai-001",
            "zone_id": "cn-shanghai-c"
          },
          "sensitive_attributes": [],
          "private": "eyJlMmJmYjczMC1lY2FhLTExZTYtOGY4OC0zNDM2M2JjN2M0YzAiOnsiY3JlYXRlIjo2MDAwMDAwMDAwMDAsImRlbGV0ZSI6NjAwMDAwMDAwMDAwfX0=",
          "dependencies": [
            "module.resource_group.alicloud_resource_manager_resource_group.resource_group",
            "module.vpc.alicloud_vpc.vpc",
            "module.vpc.alicloud_vpc_ipv4_cidr_block.vpc_ipv4_cidr_block",
            "module.vpc.data.alicloud_resource_manager_resource_groups.resource_group",
            "module.vswitch.data.alicloud_vpcs.vpcs"
          ]
        },
        {
          "index_key": "vswitch-dmz-cn-shanghai-002",
          "schema_version": 0,
          "attributes": {
            "availability_zone": "cn-shanghai-c",
            "cidr_block": "10.10.1.0/24",
            "description": "descriptions",
            "id": "vsw-uf66ngp8cd8pk5c3qijl0",
            "name": "vswitch-dmz-cn-shanghai-002",
            "status": "Available",
            "tags": {
              "customer": "demo",
              "department": "DevOps",
              "email": "somebody@mail.com",
              "environment": "dmz",
              "location": "cn-shanghai",
              "owner": "somebody",
              "title": "Engineer"
            },
            "timeouts": null,
            "vpc_id": "vpc-uf6cl7lkgcxbfcouqnnht",
            "vswitch_name": "vswitch-dmz-cn-shanghai-002",
            "zone_id": "cn-shanghai-c"
          },
          "sensitive_attributes": [],
          "private": "eyJlMmJmYjczMC1lY2FhLTExZTYtOGY4OC0zNDM2M2JjN2M0YzAiOnsiY3JlYXRlIjo2MDAwMDAwMDAwMDAsImRlbGV0ZSI6NjAwMDAwMDAwMDAwfX0=",
          "dependencies": [
            "module.resource_group.alicloud_resource_manager_resource_group.resource_group",
            "module.vpc.alicloud_vpc.vpc",
            "module.vpc.alicloud_vpc_ipv4_cidr_block.vpc_ipv4_cidr_block",
            "module.vpc.data.alicloud_resource_manager_resource_groups.resource_group",
            "module.vswitch.data.alicloud_vpcs.vpcs"
          ]
        },
        {
          "index_key": "vswitch-dmz-cn-shanghai-003",
          "schema_version": 0,
          "attributes": {
            "availability_zone": "cn-shanghai-c",
            "cidr_block": "10.20.0.0/24",
            "description": "descriptions",
            "id": "vsw-uf604mink6ci9t3tw3lqr",
            "name": "vswitch-dmz-cn-shanghai-003",
            "status": "Available",
            "tags": {
              "customer": "demo",
              "department": "DevOps",
              "email": "somebody@mail.com",
              "environment": "dmz",
              "location": "cn-shanghai",
              "owner": "somebody",
              "title": "Engineer"
            },
            "timeouts": null,
            "vpc_id": "vpc-uf62jzoro0c5fu719xxiz",
            "vswitch_name": "vswitch-dmz-cn-shanghai-003",
            "zone_id": "cn-shanghai-c"
          },
          "sensitive_attributes": [],
          "private": "eyJlMmJmYjczMC1lY2FhLTExZTYtOGY4OC0zNDM2M2JjN2M0YzAiOnsiY3JlYXRlIjo2MDAwMDAwMDAwMDAsImRlbGV0ZSI6NjAwMDAwMDAwMDAwfX0=",
          "dependencies": [
            "module.resource_group.alicloud_resource_manager_resource_group.resource_group",
            "module.vpc.alicloud_vpc.vpc",
            "module.vpc.alicloud_vpc_ipv4_cidr_block.vpc_ipv4_cidr_block",
            "module.vpc.data.alicloud_resource_manager_resource_groups.resource_group",
            "module.vswitch.data.alicloud_vpcs.vpcs"
          ]
        },
        {
          "index_key": "vswitch-dmz-cn-shanghai-004",
          "schema_version": 0,
          "attributes": {
            "availability_zone": "cn-shanghai-c",
            "cidr_block": "10.20.1.0/24",
            "description": "descriptions",
            "id": "vsw-uf6o1mdaetz1ycsgzq91o",
            "name": "vswitch-dmz-cn-shanghai-004",
            "status": "Available",
            "tags": {
              "customer": "demo",
              "department": "DevOps",
              "email": "somebody@mail.com",
              "environment": "dmz",
              "location": "cn-shanghai",
              "owner": "somebody",
              "title": "Engineer"
            },
            "timeouts": null,
            "vpc_id": "vpc-uf62jzoro0c5fu719xxiz",
            "vswitch_name": "vswitch-dmz-cn-shanghai-004",
            "zone_id": "cn-shanghai-c"
          },
          "sensitive_attributes": [],
          "private": "eyJlMmJmYjczMC1lY2FhLTExZTYtOGY4OC0zNDM2M2JjN2M0YzAiOnsiY3JlYXRlIjo2MDAwMDAwMDAwMDAsImRlbGV0ZSI6NjAwMDAwMDAwMDAwfX0=",
          "dependencies": [
            "module.resource_group.alicloud_resource_manager_resource_group.resource_group",
            "module.vpc.alicloud_vpc.vpc",
            "module.vpc.alicloud_vpc_ipv4_cidr_block.vpc_ipv4_cidr_block",
            "module.vpc.data.alicloud_resource_manager_resource_groups.resource_group",
            "module.vswitch.data.alicloud_vpcs.vpcs"
          ]
        }
      ]
    }
  ]
}
